
Microsoft Visual Studio Solution File, Format Version 12.00
# Visual Studio Version 17
VisualStudioVersion = 17.0.31903.59
MinimumVisualStudioVersion = 10.0.40219.1
Project("{2150E333-8FDC-42A3-9474-1A3956D46DE8}") = "src", "src", "{8883AFED-A839-4E5C-A939-1C07DC4C02FA}"
EndProject
Project("{FAE04EC0-301F-11D3-BF4B-00C04F79EFBC}") = "PocketEmu.Tests", "src\PocketEmu.Tests\PocketEmu.Tests.csproj", "{F4FF5626-CB42-41E5-972A-F353FED3FD15}"
EndProject
Project("{2150E333-8FDC-42A3-9474-1A3956D46DE8}") = "parent", "parent", "{1D231DCD-F3ED-4AC7-B953-343FF532FFD0}"
EndProject
Project("{2150E333-8FDC-42A3-9474-1A3956D46DE8}") = "test", "test", "{56CCBB22-F85A-40A7-92BE-52006796D0EF}"
EndProject
Project("{FAE04EC0-301F-11D3-BF4B-00C04F79EFBC}") = "PoViEmu.Tests", "parent\test\PoViEmu.Tests\PoViEmu.Tests.csproj", "{AFEE8A82-E710-4EF3-96FC-A25809380536}"
EndProject
Project("{2150E333-8FDC-42A3-9474-1A3956D46DE8}") = "src", "src", "{1998A7C1-7A32-4242-8F6C-EBC3BD7530D1}"
EndProject
Project("{FAE04EC0-301F-11D3-BF4B-00C04F79EFBC}") = "PoViEmu.Core", "parent\src\PoViEmu.Core\PoViEmu.Core.csproj", "{785C75A1-81D4-42D0-8322-5C24172ED0BC}"
EndProject
Project("{FAE04EC0-301F-11D3-BF4B-00C04F79EFBC}") = "PoViEmu.Common", "parent\src\PoViEmu.Common\PoViEmu.Common.csproj", "{7B55A05F-5A57-4DA7-A958-AFF2C7DE2D3B}"
EndProject
Global
	GlobalSection(SolutionConfigurationPlatforms) = preSolution
		Debug|Any CPU = Debug|Any CPU
		Release|Any CPU = Release|Any CPU
	EndGlobalSection
	GlobalSection(SolutionProperties) = preSolution
		HideSolutionNode = FALSE
	EndGlobalSection
	GlobalSection(ProjectConfigurationPlatforms) = postSolution
		{F4FF5626-CB42-41E5-972A-F353FED3FD15}.Debug|Any CPU.ActiveCfg = Debug|Any CPU
		{F4FF5626-CB42-41E5-972A-F353FED3FD15}.Debug|Any CPU.Build.0 = Debug|Any CPU
		{F4FF5626-CB42-41E5-972A-F353FED3FD15}.Release|Any CPU.ActiveCfg = Release|Any CPU
		{F4FF5626-CB42-41E5-972A-F353FED3FD15}.Release|Any CPU.Build.0 = Release|Any CPU
		{AFEE8A82-E710-4EF3-96FC-A25809380536}.Debug|Any CPU.ActiveCfg = Debug|Any CPU
		{AFEE8A82-E710-4EF3-96FC-A25809380536}.Debug|Any CPU.Build.0 = Debug|Any CPU
		{AFEE8A82-E710-4EF3-96FC-A25809380536}.Release|Any CPU.ActiveCfg = Release|Any CPU
		{AFEE8A82-E710-4EF3-96FC-A25809380536}.Release|Any CPU.Build.0 = Release|Any CPU
		{785C75A1-81D4-42D0-8322-5C24172ED0BC}.Debug|Any CPU.ActiveCfg = Debug|Any CPU
		{785C75A1-81D4-42D0-8322-5C24172ED0BC}.Debug|Any CPU.Build.0 = Debug|Any CPU
		{785C75A1-81D4-42D0-8322-5C24172ED0BC}.Release|Any CPU.ActiveCfg = Release|Any CPU
		{785C75A1-81D4-42D0-8322-5C24172ED0BC}.Release|Any CPU.Build.0 = Release|Any CPU
		{7B55A05F-5A57-4DA7-A958-AFF2C7DE2D3B}.Debug|Any CPU.ActiveCfg = Debug|Any CPU
		{7B55A05F-5A57-4DA7-A958-AFF2C7DE2D3B}.Debug|Any CPU.Build.0 = Debug|Any CPU
		{7B55A05F-5A57-4DA7-A958-AFF2C7DE2D3B}.Release|Any CPU.ActiveCfg = Release|Any CPU
		{7B55A05F-5A57-4DA7-A958-AFF2C7DE2D3B}.Release|Any CPU.Build.0 = Release|Any CPU
	EndGlobalSection
	GlobalSection(NestedProjects) = preSolution
		{F4FF5626-CB42-41E5-972A-F353FED3FD15} = {8883AFED-A839-4E5C-A939-1C07DC4C02FA}
		{56CCBB22-F85A-40A7-92BE-52006796D0EF} = {1D231DCD-F3ED-4AC7-B953-343FF532FFD0}
		{AFEE8A82-E710-4EF3-96FC-A25809380536} = {56CCBB22-F85A-40A7-92BE-52006796D0EF}
		{1998A7C1-7A32-4242-8F6C-EBC3BD7530D1} = {1D231DCD-F3ED-4AC7-B953-343FF532FFD0}
		{785C75A1-81D4-42D0-8322-5C24172ED0BC} = {1998A7C1-7A32-4242-8F6C-EBC3BD7530D1}
		{7B55A05F-5A57-4DA7-A958-AFF2C7DE2D3B} = {1998A7C1-7A32-4242-8F6C-EBC3BD7530D1}
	EndGlobalSection
EndGlobal
